Microsoft Visual Studio Solution File, Format Version 11.00
# Visual Studio 2008

Project("{4D0FB914-1220-3CAB-22FC-6EF65D0BE31A}") = "Jogo da Velha", "Assembly-CSharp.csproj", "{8B8861F4-5F63-4EA6-7231-2A16025D2753}"
EndProject
Global
	GlobalSection(SolutionConfigurationPlatforms) = preSolution
		Debug|Any CPU = Debug|Any CPU
		Release|Any CPU = Release|Any CPU
	EndGlobalSection
	GlobalSection(ProjectConfigurationPlatforms) = postSolution
		{8B8861F4-5F63-4EA6-7231-2A16025D2753}.Debug|Any CPU.ActiveCfg = Debug|Any CPU
		{8B8861F4-5F63-4EA6-7231-2A16025D2753}.Debug|Any CPU.Build.0 = Debug|Any CPU
		{8B8861F4-5F63-4EA6-7231-2A16025D2753}.Release|Any CPU.ActiveCfg = Release|Any CPU
		{8B8861F4-5F63-4EA6-7231-2A16025D2753}.Release|Any CPU.Build.0 = Release|Any CPU
	EndGlobalSection
	GlobalSection(SolutionProperties) = preSolution
		HideSolutionNode = FALSE
	EndGlobalSection
	GlobalSection(MonoDevelopProperties) = preSolution
		StartupItem = Assembly-CSharp.csproj
	EndGlobalSection
EndGlobal
